
Microsoft Visual Studio Solution File, Format Version 12.00
# Visual Studio Version 17
VisualStudioVersion = 17.3.32929.385
MinimumVisualStudioVersion = 10.0.40219.1
Project("{FAE04EC0-301F-11D3-BF4B-00C04F79EFBC}") = "Methods", "Methods\Methods.csproj", "{E8B04F20-3035-43A3-8B2B-A7972E03AF7E}"
EndProject
Global
	GlobalSection(SolutionConfigurationPlatforms) = preSolution
		Debug|Any CPU = Debug|Any CPU
		Release|Any CPU = Release|Any CPU
	EndGlobalSection
	GlobalSection(ProjectConfigurationPlatforms) = postSolution
		{E8B04F20-3035-43A3-8B2B-A7972E03AF7E}.Debug|Any CPU.ActiveCfg = Debug|Any CPU
		{E8B04F20-3035-43A3-8B2B-A7972E03AF7E}.Debug|Any CPU.Build.0 = Debug|Any CPU
		{E8B04F20-3035-43A3-8B2B-A7972E03AF7E}.Release|Any CPU.ActiveCfg = Release|Any CPU
		{E8B04F20-3035-43A3-8B2B-A7972E03AF7E}.Release|Any CPU.Build.0 = Release|Any CPU
	EndGlobalSection
	GlobalSection(SolutionProperties) = preSolution
		HideSolutionNode = FALSE
	EndGlobalSection
	GlobalSection(ExtensibilityGlobals) = postSolution
		SolutionGuid = {C19CF7B1-8053-4A51-815C-BAE7EB06BF4C}
	EndGlobalSection
EndGlobal
